// !$*UTF8*$!
{
	archiveVersion = 1;
	classes = {
	};
	objectVersion = 46;
	objects = {

/* Begin PBXBuildFile section */
		3F7135471D4A29D100EB285B /* main.m in Sources */ = {isa = PBXBuildFile; fileRef = 3F7135461D4A29D100EB285B /* main.m */; };
		3F71354A1D4A29D100EB285B /* AppDelegate.m in Sources */ = {isa = PBXBuildFile; fileRef = 3F7135491D4A29D100EB285B /* AppDelegate.m */; };
		3F71354D1D4A29D100EB285B /* ViewController.m in Sources */ = {isa = PBXBuildFile; fileRef = 3F71354C1D4A29D100EB285B /* ViewController.m */; };
		3F7135501D4A29D100EB285B /* Main.storyboard in Resources */ = {isa = PBXBuildFile; fileRef = 3F71354E1D4A29D100EB285B /* Main.storyboard */; };
		3F7135521D4A29D100EB285B /* Assets.xcassets in Resources */ = {isa = PBXBuildFile; fileRef = 3F7135511D4A29D100EB285B /* Assets.xcassets */; };
		3F7135551D4A29D100EB285B /* LaunchScreen.storyboard in Resources */ = {isa = PBXBuildFile; fileRef = 3F7135531D4A29D100EB285B /* LaunchScreen.storyboard */; };
		3F7135601D4A29D100EB285B /* _405Tests.m in Sources */ = {isa = PBXBuildFile; fileRef = 3F71355F1D4A29D100EB285B /* _405Tests.m */; };
		3F71356B1D4A29D100EB285B /* _405UITests.m in Sources */ = {isa = PBXBuildFile; fileRef = 3F71356A1D4A29D100EB285B /* _405UITests.m */; };
/* End PBXBuildFile section */

/* Begin PBXContainerItemProxy section */
		3F71355C1D4A29D100EB285B /* PBXContainerItemProxy */ = {
			isa = PBXContainerItemProxy;
			containerPortal = 3F71353A1D4A29D100EB285B /* Project object */;
			proxyType = 1;
			remoteGlobalIDString = 3F7135411D4A29D100EB285B;
			remoteInfo = 0405;
		};
		3F7135671D4A29D100EB285B /* PBXContainerItemProxy */ = {
			isa = PBXContainerItemProxy;
			containerPortal = 3F71353A1D4A29D100EB285B /* Project object */;
			proxyType = 1;
			remoteGlobalIDString = 3F7135411D4A29D100EB285B;
			remoteInfo = 0405;
		};
/* End PBXContainerItemProxy section */

/* Begin PBXFileReference section */
		3F7135421D4A29D100EB285B /* 0405.app */ = {isa = PBXFileReference; explicitFileType = wrapper.application; includeInIndex = 0; path = 0405.app; sourceTree = BUILT_PRODUCTS_DIR; };
		3F7135461D4A29D100EB285B /* main.m */ = {isa = PBXFileReference; lastKnownFileType = sourcecode.c.objc; path = main.m; sourceTree = "<group>"; };
		3F7135481D4A29D100EB285B /* AppDelegate.h */ = {isa = PBXFileReference; lastKnownFileType = sourcecode.c.h; path = AppDelegate.h; sourceTree = "<group>"; };
		3F7135491D4A29D100EB285B /* AppDelegate.m */ = {isa = PBXFileReference; lastKnownFileType = sourcecode.c.objc; path = AppDelegate.m; sourceTree = "<group>"; };
		3F71354B1D4A29D100EB285B /* ViewController.h */ = {isa = PBXFileReference; lastKnownFileType = sourcecode.c.h; path = ViewController.h; sourceTree = "<group>"; };
		3F71354C1D4A29D100EB285B /* ViewController.m */ = {isa = PBXFileReference; lastKnownFileType = sourcecode.c.objc; path = ViewController.m; sourceTree = "<group>"; };
		3F71354F1D4A29D100EB285B /* Base */ = {isa = PBXFileReference; lastKnownFileType = file.storyboard; name = Base; path = Base.lproj/Main.storyboard; sourceTree = "<group>"; };
		3F7135511D4A29D100EB285B /* Assets.xcassets */ = {isa = PBXFileReference; lastKnownFileType = folder.assetcatalog; path = Assets.xcassets; sourceTree = "<group>"; };
		3F7135541D4A29D100EB285B /* Base */ = {isa = PBXFileReference; lastKnownFileType = file.storyboard; name = Base; path = Base.lproj/LaunchScreen.storyboard; sourceTree = "<group>"; };
		3F7135561D4A29D100EB285B /* Info.plist */ = {isa = PBXFileReference; lastKnownFileType = text.plist.xml; path = Info.plist; sourceTree = "<group>"; };
		3F71355B1D4A29D100EB285B /* 0405Tests.xctest */ = {isa = PBXFileReference; explicitFileType = wrapper.cfbundle; includeInIndex = 0; path = 0405Tests.xctest; sourceTree = BUILT_PRODUCTS_DIR; };
		3F71355F1D4A29D100EB285B /* _405Tests.m */ = {isa = PBXFileReference; lastKnownFileType = sourcecode.c.objc; path = _405Tests.m; sourceTree = "<group>"; };
		3F7135611D4A29D100EB285B /* Info.plist */ = {isa = PBXFileReference; lastKnownFileType = text.plist.xml; path = Info.plist; sourceTree = "<group>"; };
		3F7135661D4A29D100EB285B /* 0405UITests.xctest */ = {isa = PBXFileReference; explicitFileType = wrapper.cfbundle; includeInIndex = 0; path = 0405UITests.xctest; sourceTree = BUILT_PRODUCTS_DIR; };
		3F71356A1D4A29D100EB285B /* _405UITests.m */ = {isa = PBXFileReference; lastKnownFileType = sourcecode.c.objc; path = _405UITests.m; sourceTree = "<group>"; };
		3F71356C1D4A29D100EB285B /* Info.plist */ = {isa = PBXFileReference; lastKnownFileType = text.plist.xml; path = Info.plist; sourceTree = "<group>"; };
/* End PBXFileReference section */

/* Begin PBXFrameworksBuildPhase section */
		3F71353F1D4A29D100EB285B /* Frameworks */ = {
			isa = PBXFrameworksBuildPhase;
			buildActionMask = 2147483647;
			files = (
			);
			runOnlyForDeploymentPostprocessing = 0;
		};
		3F7135581D4A29D100EB285B /* Frameworks */ = {
			isa = PBXFrameworksBuildPhase;
			buildActionMask = 2147483647;
			files = (
			);
			runOnlyForDeploymentPostprocessing = 0;
		};
		3F7135631D4A29D100EB285B /* Frameworks */ = {
			isa = PBXFrameworksBuildPhase;
			buildActionMask = 2147483647;
			files = (
			);
			runOnlyForDeploymentPostprocessing = 0;
		};
/* End PBXFrameworksBuildPhase section */

/* Begin PBXGroup section */
		3F7135391D4A29D100EB285B = {
			isa = PBXGroup;
			children = (
				3F7135441D4A29D100EB285B /* 0405 */,
				3F71355E1D4A29D100EB285B /* 0405Tests */,
				3F7135691D4A29D100EB285B /* 0405UITests */,
				3F7135431D4A29D100EB285B /* Products */,
			);
			sourceTree = "<group>";
		};
		3F7135431D4A29D100EB285B /* Products */ = {
			isa = PBXGroup;
			children = (
				3F7135421D4A29D100EB285B /* 0405.app */,
				3F71355B1D4A29D100EB285B /* 0405Tests.xctest */,
				3F7135661D4A29D100EB285B /* 0405UITests.xctest */,
			);
			name = Products;
			sourceTree = "<group>";
		};
		3F7135441D4A29D100EB285B /* 0405 */ = {
			isa = PBXGroup;
			children = (
				3F7135481D4A29D100EB285B /* AppDelegate.h */,
				3F7135491D4A29D100EB285B /* AppDelegate.m */,
				3F71354B1D4A29D100EB285B /* ViewController.h */,
				3F71354C1D4A29D100EB285B /* ViewController.m */,
				3F71354E1D4A29D100EB285B /* Main.storyboard */,
				3F7135511D4A29D100EB285B /* Assets.xcassets */,
				3F7135531D4A29D100EB285B /* LaunchScreen.storyboard */,
				3F7135561D4A29D100EB285B /* Info.plist */,
				3F7135451D4A29D100EB285B /* Supporting Files */,
			);
			path = 0405;
			sourceTree = "<group>";
		};
		3F7135451D4A29D100EB285B /* Supporting Files */ = {
			isa = PBXGroup;
			children = (
				3F7135461D4A29D100EB285B /* main.m */,
			);
			name = "Supporting Files";
			sourceTree = "<group>";
		};
		3F71355E1D4A29D100EB285B /* 0405Tests */ = {
			isa = PBXGroup;
			children = (
				3F71355F1D4A29D100EB285B /* _405Tests.m */,
				3F7135611D4A29D100EB285B /* Info.plist */,
			);
			path = 0405Tests;
			sourceTree = "<group>";
		};
		3F7135691D4A29D100EB285B /* 0405UITests */ = {
			isa = PBXGroup;
			children = (
				3F71356A1D4A29D100EB285B /* _405UITests.m */,
				3F71356C1D4A29D100EB285B /* Info.plist */,
			);
			path = 0405UITests;
			sourceTree = "<group>";
		};
/* End PBXGroup section */

/* Begin PBXNativeTarget section */
		3F7135411D4A29D100EB285B /* 0405 */ = {
			isa = PBXNativeTarget;
			buildConfigurationList = 3F71356F1D4A29D100EB285B /* Build configuration list for PBXNativeTarget "0405" */;
			buildPhases = (
				3F71353E1D4A29D100EB285B /* Sources */,
				3F71353F1D4A29D100EB285B /* Frameworks */,
				3F7135401D4A29D100EB285B /* Resources */,
			);
			buildRules = (
			);
			dependencies = (
			);
			name = 0405;
			productName = 0405;
			productReference = 3F7135421D4A29D100EB285B /* 0405.app */;
			productType = "com.apple.product-type.application";
		};
		3F71355A1D4A29D100EB285B /* 0405Tests */ = {
			isa = PBXNativeTarget;
			buildConfigurationList = 3F7135721D4A29D100EB285B /* Build configuration list for PBXNativeTarget "0405Tests" */;
			buildPhases = (
				3F7135571D4A29D100EB285B /* Sources */,
				3F7135581D4A29D100EB285B /* Frameworks */,
				3F7135591D4A29D100EB285B /* Resources */,
			);
			buildRules = (
			);
			dependencies = (
				3F71355D1D4A29D100EB285B /* PBXTargetDependency */,
			);
			name = 0405Tests;
			productName = 0405Tests;
			productReference = 3F71355B1D4A29D100EB285B /* 0405Tests.xctest */;
			productType = "com.apple.product-type.bundle.unit-test";
		};
		3F7135651D4A29D100EB285B /* 0405UITests */ = {
			isa = PBXNativeTarget;
			buildConfigurationList = 3F7135751D4A29D100EB285B /* Build configuration list for PBXNativeTarget "0405UITests" */;
			buildPhases = (
				3F7135621D4A29D100EB285B /* Sources */,
				3F7135631D4A29D100EB285B /* Frameworks */,
				3F7135641D4A29D100EB285B /* Resources */,
			);
			buildRules = (
			);
			dependencies = (
				3F7135681D4A29D100EB285B /* PBXTargetDependency */,
			);
			name = 0405UITests;
			productName = 0405UITests;
			productReference = 3F7135661D4A29D100EB285B /* 0405UITests.xctest */;
			productType = "com.apple.product-type.bundle.ui-testing";
		};
/* End PBXNativeTarget section */

/* Begin PBXProject section */
		3F71353A1D4A29D100EB285B /* Project object */ = {
			isa = PBXProject;
			attributes = {
				LastUpgradeCheck = 0700;
				ORGANIZATIONNAME = "小陈";
				TargetAttributes = {
					3F7135411D4A29D100EB285B = {
						CreatedOnToolsVersion = 7.0.1;
					};
					3F71355A1D4A29D100EB285B = {
						CreatedOnToolsVersion = 7.0.1;
						TestTargetID = 3F7135411D4A29D100EB285B;
					};
					3F7135651D4A29D100EB285B = {
						CreatedOnToolsVersion = 7.0.1;
						TestTargetID = 3F7135411D4A29D100EB285B;
					};
				};
			};
			buildConfigurationList = 3F71353D1D4A29D100EB285B /* Build configuration list for PBXProject "0405" */;
			compatibilityVersion = "Xcode 3.2";
			developmentRegion = English;
			hasScannedForEncodings = 0;
			knownRegions = (
				en,
				Base,
			);
			mainGroup = 3F7135391D4A29D100EB285B;
			productRefGroup = 3F7135431D4A29D100EB285B /* Products */;
			projectDirPath = "";
			projectRoot = "";
			targets = (
				3F7135411D4A29D100EB285B /* 0405 */,
				3F71355A1D4A29D100EB285B /* 0405Tests */,
				3F7135651D4A29D100EB285B /* 0405UITests */,
			);
		};
/* End PBXProject section */

/* Begin PBXResourcesBuildPhase section */
		3F7135401D4A29D100EB285B /* Resources */ = {
			isa = PBXResourcesBuildPhase;
			buildActionMask = 2147483647;
			files = (
				3F7135551D4A29D100EB285B /* LaunchScreen.storyboard in Resources */,
				3F7135521D4A29D100EB285B /* Assets.xcassets in Resources */,
				3F7135501D4A29D100EB285B /* Main.storyboard in Resources */,
			);
			runOnlyForDeploymentPostprocessing = 0;
		};
		3F7135591D4A29D100EB285B /* Resources */ = {
			isa = PBXResourcesBuildPhase;
			buildActionMask = 2147483647;
			files = (
			);
			runOnlyForDeploymentPostprocessing = 0;
		};
		3F7135641D4A29D100EB285B /* Resources */ = {
			isa = PBXResourcesBuildPhase;
			buildActionMask = 2147483647;
			files = (
			);
			runOnlyForDeploymentPostprocessing = 0;
		};
/* End PBXResourcesBuildPhase section */

/* Begin PBXSourcesBuildPhase section */
		3F71353E1D4A29D100EB285B /* Sources */ = {
			isa = PBXSourcesBuildPhase;
			buildActionMask = 2147483647;
			files = (
				3F71354D1D4A29D100EB285B /* ViewController.m in Sources */,
				3F71354A1D4A29D100EB285B /* AppDelegate.m in Sources */,
				3F7135471D4A29D100EB285B /* main.m in Sources */,
			);
			runOnlyForDeploymentPostprocessing = 0;
		};
		3F7135571D4A29D100EB285B /* Sources */ = {
			isa = PBXSourcesBuildPhase;
			buildActionMask = 2147483647;
			files = (
				3F7135601D4A29D100EB285B /* _405Tests.m in Sources */,
			);
			runOnlyForDeploymentPostprocessing = 0;
		};
		3F7135621D4A29D100EB285B /* Sources */ = {
			isa = PBXSourcesBuildPhase;
			buildActionMask = 2147483647;
			files = (
				3F71356B1D4A29D100EB285B /* _405UITests.m in Sources */,
			);
			runOnlyForDeploymentPostprocessing = 0;
		};
/* End PBXSourcesBuildPhase section */

/* Begin PBXTargetDependency section */
		3F71355D1D4A29D100EB285B /* PBXTargetDependency */ = {
			isa = PBXTargetDependency;
			target = 3F7135411D4A29D100EB285B /* 0405 */;
			targetProxy = 3F71355C1D4A29D100EB285B /* PBXContainerItemProxy */;
		};
		3F7135681D4A29D100EB285B /* PBXTargetDependency */ = {
			isa = PBXTargetDependency;
			target = 3F7135411D4A29D100EB285B /* 0405 */;
			targetProxy = 3F7135671D4A29D100EB285B /* PBXContainerItemProxy */;
		};
/* End PBXTargetDependency section */

/* Begin PBXVariantGroup section */
		3F71354E1D4A29D100EB285B /* Main.storyboard */ = {
			isa = PBXVariantGroup;
			children = (
				3F71354F1D4A29D100EB285B /* Base */,
			);
			name = Main.storyboard;
			sourceTree = "<group>";
		};
		3F7135531D4A29D100EB285B /* LaunchScreen.storyboard */ = {
			isa = PBXVariantGroup;
			children = (
				3F7135541D4A29D100EB285B /* Base */,
			);
			name = LaunchScreen.storyboard;
			sourceTree = "<group>";
		};
/* End PBXVariantGroup section */

/* Begin XCBuildConfiguration section */
		3F71356D1D4A29D100EB285B /* Debug */ = {
			isa = XCBuildConfiguration;
			buildSettings = {
				ALWAYS_SEARCH_USER_PATHS = NO;
				CLANG_CXX_LANGUAGE_STANDARD = "gnu++0x";
				CLANG_CXX_LIBRARY = "libc++";
				CLANG_ENABLE_MODULES = YES;
				CLANG_ENABLE_OBJC_ARC = YES;
				CLANG_WARN_BOOL_CONVERSION = YES;
				CLANG_WARN_CONSTANT_CONVERSION = YES;
				CLANG_WARN_DIRECT_OBJC_ISA_USAGE = YES_ERROR;
				CLANG_WARN_EMPTY_BODY = YES;
				CLANG_WARN_ENUM_CONVERSION = YES;
				CLANG_WARN_INT_CONVERSION = YES;
				CLANG_WARN_OBJC_ROOT_CLASS = YES_ERROR;
				CLANG_WARN_UNREACHABLE_CODE = YES;
				CLANG_WARN__DUPLICATE_METHOD_MATCH = YES;
				"CODE_SIGN_IDENTITY[sdk=iphoneos*]" = "iPhone Developer";
				COPY_PHASE_STRIP = NO;
				DEBUG_INFORMATION_FORMAT = dwarf;
				ENABLE_STRICT_OBJC_MSGSEND = YES;
				ENABLE_TESTABILITY = YES;
				GCC_C_LANGUAGE_STANDARD = gnu99;
				GCC_DYNAMIC_NO_PIC = NO;
				GCC_NO_COMMON_BLOCKS = YES;
				GCC_OPTIMIZATION_LEVEL = 0;
				GCC_PREPROCESSOR_DEFINITIONS = (
					"DEBUG=1",
					"$(inherited)",
				);
				GCC_WARN_64_TO_32_BIT_CONVERSION = YES;
				GCC_WARN_ABOUT_RETURN_TYPE = YES_ERROR;
				GCC_WARN_UNDECLARED_SELECTOR = YES;
				GCC_WARN_UNINITIALIZED_AUTOS = YES_AGGRESSIVE;
				GCC_WARN_UNUSED_FUNCTION = YES;
				GCC_WARN_UNUSED_VARIABLE = YES;
				IPHONEOS_DEPLOYMENT_TARGET = 9.0;
				MTL_ENABLE_DEBUG_INFO = YES;
				ONLY_ACTIVE_ARCH = YES;
				SDKROOT = iphoneos;
				TARGETED_DEVICE_FAMILY = "1,2";
			};
			name = Debug;
		};
		3F71356E1D4A29D100EB285B /* Release */ = {
			isa = XCBuildConfiguration;
			buildSettings = {
				ALWAYS_SEARCH_USER_PATHS = NO;
				CLANG_CXX_LANGUAGE_STANDARD = "gnu++0x";
				CLANG_CXX_LIBRARY = "libc++";
				CLANG_ENABLE_MODULES = YES;
				CLANG_ENABLE_OBJC_ARC = YES;
				CLANG_WARN_BOOL_CONVERSION = YES;
				CLANG_WARN_CONSTANT_CONVERSION = YES;
				CLANG_WARN_DIRECT_OBJC_ISA_USAGE = YES_ERROR;
				CLANG_WARN_EMPTY_BODY = YES;
				CLANG_WARN_ENUM_CONVERSION = YES;
				CLANG_WARN_INT_CONVERSION = YES;
				CLANG_WARN_OBJC_ROOT_CLASS = YES_ERROR;
				CLANG_WARN_UNREACHABLE_CODE = YES;
				CLANG_WARN__DUPLICATE_METHOD_MATCH = YES;
				"CODE_SIGN_IDENTITY[sdk=iphoneos*]" = "iPhone Developer";
				COPY_PHASE_STRIP = NO;
				DEBUG_INFORMATION_FORMAT = "dwarf-with-dsym";
				ENABLE_NS_ASSERTIONS = NO;
				ENABLE_STRICT_OBJC_MSGSEND = YES;
				GCC_C_LANGUAGE_STANDARD = gnu99;
				GCC_NO_COMMON_BLOCKS = YES;
				GCC_WARN_64_TO_32_BIT_CONVERSION = YES;
				GCC_WARN_ABOUT_RETURN_TYPE = YES_ERROR;
				GCC_WARN_UNDECLARED_SELECTOR = YES;
				GCC_WARN_UNINITIALIZED_AUTOS = YES_AGGRESSIVE;
				GCC_WARN_UNUSED_FUNCTION = YES;
				GCC_WARN_UNUSED_VARIABLE = YES;
				IPHONEOS_DEPLOYMENT_TARGET = 9.0;
				MTL_ENABLE_DEBUG_INFO = NO;
				SDKROOT = iphoneos;
				TARGETED_DEVICE_FAMILY = "1,2";
				VALIDATE_PRODUCT = YES;
			};
			name = Release;
		};
		3F7135701D4A29D100EB285B /* Debug */ = {
			isa = XCBuildConfiguration;
			buildSettings = {
				ASSETCATALOG_COMPILER_APPICON_NAME = AppIcon;
				INFOPLIST_FILE = 0405/Info.plist;
				LD_RUNPATH_SEARCH_PATHS = "$(inherited) @executable_path/Frameworks";
				PRODUCT_BUNDLE_IDENTIFIER = "com.chen.-405";
				PRODUCT_NAME = "$(TARGET_NAME)";
			};
			name = Debug;
		};
		3F7135711D4A29D100EB285B /* Release */ = {
			isa = XCBuildConfiguration;
			buildSettings = {
				ASSETCATALOG_COMPILER_APPICON_NAME = AppIcon;
				INFOPLIST_FILE = 0405/Info.plist;
				LD_RUNPATH_SEARCH_PATHS = "$(inherited) @executable_path/Frameworks";
				PRODUCT_BUNDLE_IDENTIFIER = "com.chen.-405";
				PRODUCT_NAME = "$(TARGET_NAME)";
			};
			name = Release;
		};
		3F7135731D4A29D100EB285B /* Debug */ = {
			isa = XCBuildConfiguration;
			buildSettings = {
				BUNDLE_LOADER = "$(TEST_HOST)";
				INFOPLIST_FILE = 0405Tests/Info.plist;
				LD_RUNPATH_SEARCH_PATHS = "$(inherited) @executable_path/Frameworks @loader_path/Frameworks";
				PRODUCT_BUNDLE_IDENTIFIER = "com.chen.-405Tests";
				PRODUCT_NAME = "$(TARGET_NAME)";
				TEST_HOST = "$(BUILT_PRODUCTS_DIR)/0405.app/0405";
			};
			name = Debug;
		};
		3F7135741D4A29D100EB285B /* Release */ = {
			isa = XCBuildConfiguration;
			buildSettings = {
				BUNDLE_LOADER = "$(TEST_HOST)";
				INFOPLIST_FILE = 0405Tests/Info.plist;
				LD_RUNPATH_SEARCH_PATHS = "$(inherited) @executable_path/Frameworks @loader_path/Frameworks";
				PRODUCT_BUNDLE_IDENTIFIER = "com.chen.-405Tests";
				PRODUCT_NAME = "$(TARGET_NAME)";
				TEST_HOST = "$(BUILT_PRODUCTS_DIR)/0405.app/0405";
			};
			name = Release;
		};
		3F7135761D4A29D100EB285B /* Debug */ = {
			isa = XCBuildConfiguration;
			buildSettings = {
				INFOPLIST_FILE = 0405UITests/Info.plist;
				LD_RUNPATH_SEARCH_PATHS = "$(inherited) @executable_path/Frameworks @loader_path/Frameworks";
				PRODUCT_BUNDLE_IDENTIFIER = "com.chen.-405UITests";
				PRODUCT_NAME = "$(TARGET_NAME)";
				TEST_TARGET_NAME = 0405;
				USES_XCTRUNNER = YES;
			};
			name = Debug;
		};
		3F7135771D4A29D100EB285B /* Release */ = {
			isa = XCBuildConfiguration;
			buildSettings = {
				INFOPLIST_FILE = 0405UITests/Info.plist;
				LD_RUNPATH_SEARCH_PATHS = "$(inherited) @executable_path/Frameworks @loader_path/Frameworks";
				PRODUCT_BUNDLE_IDENTIFIER = "com.chen.-405UITests";
				PRODUCT_NAME = "$(TARGET_NAME)";
				TEST_TARGET_NAME = 0405;
				USES_XCTRUNNER = YES;
			};
			name = Release;
		};
/* End XCBuildConfiguration section */

/* Begin XCConfigurationList section */
		3F71353D1D4A29D100EB285B /* Build configuration list for PBXProject "0405" */ = {
			isa = XCConfigurationList;
			buildConfigurations = (
				3F71356D1D4A29D100EB285B /* Debug */,
				3F71356E1D4A29D100EB285B /* Release */,
			);
			defaultConfigurationIsVisible = 0;
			defaultConfigurationName = Release;
		};
		3F71356F1D4A29D100EB285B /* Build configuration list for PBXNativeTarget "0405" */ = {
			isa = XCConfigurationList;
			buildConfigurations = (
				3F7135701D4A29D100EB285B /* Debug */,
				3F7135711D4A29D100EB285B /* Release */,
			);
			defaultConfigurationIsVisible = 0;
		};
		3F7135721D4A29D100EB285B /* Build configuration list for PBXNativeTarget "0405Tests" */ = {
			isa = XCConfigurationList;
			buildConfigurations = (
				3F7135731D4A29D100EB285B /* Debug */,
				3F7135741D4A29D100EB285B /* Release */,
			);
			defaultConfigurationIsVisible = 0;
		};
		3F7135751D4A29D100EB285B /* Build configuration list for PBXNativeTarget "0405UITests" */ = {
			isa = XCConfigurationList;
			buildConfigurations = (
				3F7135761D4A29D100EB285B /* Debug */,
				3F7135771D4A29D100EB285B /* Release */,
			);
			defaultConfigurationIsVisible = 0;
		};
/* End XCConfigurationList section */
	};
	rootObject = 3F71353A1D4A29D100EB285B /* Project object */;
}
